
Microsoft Visual Studio Solution File, Format Version 12.00
# Visual Studio Version 17
VisualStudioVersion = 17.0.32014.148
MinimumVisualStudioVersion = 10.0.40219.1
Project("{2150E333-8FDC-42A3-9474-1A3956D46DE8}") = "CasinoBot.Interaction", "CasinoBot.Interaction", "{2F6CB5B5-B069-41D2-8055-E8D184078F46}"
EndProject
Project("{2150E333-8FDC-42A3-9474-1A3956D46DE8}") = "CasinoBot.Interaction.Discord", "CasinoBot.Interaction.Discord", "{0D4F805F-C63E-40FD-8165-36A13A54FEF8}"
EndProject
Project("{9A19103F-16F7-4668-BE54-9A1E7A4F7556}") = "CasinoBot.Interaction.Discord.Client", "CasinoBot.Interaction.Discord.Client\CasinoBot.Interaction.Discord.Client.csproj", "{E44AD01F-0DB3-45E7-8F97-EDD3A57F22D2}"
EndProject
Project("{9A19103F-16F7-4668-BE54-9A1E7A4F7556}") = "CasinoBot.Common", "CasinoBot.Common\CasinoBot.Common.csproj", "{C37C4412-8085-4C23-A376-BED53EBABC5F}"
EndProject
Project("{9A19103F-16F7-4668-BE54-9A1E7A4F7556}") = "CasinoBot.Domain", "CasinoBot.Domain\CasinoBot.Domain.csproj", "{9A98D78E-97BB-4CE9-9497-729401BB3A7C}"
EndProject
Project("{9A19103F-16F7-4668-BE54-9A1E7A4F7556}") = "CasinoBot.Interaction.Discord.Runtime", "CasinoBot.Interaction.Discord.Runtime\CasinoBot.Interaction.Discord.Runtime.csproj", "{0A9B7CAA-19AE-4504-8F77-26868C6227F6}"
EndProject
Project("{2150E333-8FDC-42A3-9474-1A3956D46DE8}") = "CasinoBot.Logging", "CasinoBot.Logging", "{99F6D628-3073-4FEB-80E6-B13E7B51013E}"
EndProject
Project("{9A19103F-16F7-4668-BE54-9A1E7A4F7556}") = "CasinoBot.Logging.ConsoleLogger", "CasinoBot.Logging.ConsoleLogger\CasinoBot.Logging.ConsoleLogger.csproj", "{5F9B8667-B6C7-46FC-B76C-AE4AE3AA67B9}"
EndProject
Project("{9A19103F-16F7-4668-BE54-9A1E7A4F7556}") = "CasinoBot.Data", "CasinoBot.Data\CasinoBot.Data.csproj", "{63FE7D68-FE32-40C4-A23A-4BF3395B2ED4}"
EndProject
Project("{9A19103F-16F7-4668-BE54-9A1E7A4F7556}") = "CasinoBot.Data.Migrations", "CasinoBot.Data.Migrations\CasinoBot.Data.Migrations.csproj", "{635E036B-AA6C-4AE7-9425-2FE7863AA243}"
EndProject
Project("{2150E333-8FDC-42A3-9474-1A3956D46DE8}") = "CasinoBot.DataStores", "CasinoBot.DataStores", "{DE67C513-916E-48C6-84D5-E5B267D8A6E6}"
EndProject
Project("{9A19103F-16F7-4668-BE54-9A1E7A4F7556}") = "CasinoBot.SqlDataStore", "CasinoBot.SqlDataStore\CasinoBot.SqlDataStore.csproj", "{EA26CA84-CB8E-4203-8522-9EDECAE666E0}"
EndProject
Global
	GlobalSection(SolutionConfigurationPlatforms) = preSolution
		Debug|Any CPU = Debug|Any CPU
		Release|Any CPU = Release|Any CPU
	EndGlobalSection
	GlobalSection(ProjectConfigurationPlatforms) = postSolution
		{E44AD01F-0DB3-45E7-8F97-EDD3A57F22D2}.Debug|Any CPU.ActiveCfg = Debug|Any CPU
		{E44AD01F-0DB3-45E7-8F97-EDD3A57F22D2}.Debug|Any CPU.Build.0 = Debug|Any CPU
		{E44AD01F-0DB3-45E7-8F97-EDD3A57F22D2}.Release|Any CPU.ActiveCfg = Release|Any CPU
		{E44AD01F-0DB3-45E7-8F97-EDD3A57F22D2}.Release|Any CPU.Build.0 = Release|Any CPU
		{C37C4412-8085-4C23-A376-BED53EBABC5F}.Debug|Any CPU.ActiveCfg = Debug|Any CPU
		{C37C4412-8085-4C23-A376-BED53EBABC5F}.Debug|Any CPU.Build.0 = Debug|Any CPU
		{C37C4412-8085-4C23-A376-BED53EBABC5F}.Release|Any CPU.ActiveCfg = Release|Any CPU
		{C37C4412-8085-4C23-A376-BED53EBABC5F}.Release|Any CPU.Build.0 = Release|Any CPU
		{9A98D78E-97BB-4CE9-9497-729401BB3A7C}.Debug|Any CPU.ActiveCfg = Debug|Any CPU
		{9A98D78E-97BB-4CE9-9497-729401BB3A7C}.Debug|Any CPU.Build.0 = Debug|Any CPU
		{9A98D78E-97BB-4CE9-9497-729401BB3A7C}.Release|Any CPU.ActiveCfg = Release|Any CPU
		{9A98D78E-97BB-4CE9-9497-729401BB3A7C}.Release|Any CPU.Build.0 = Release|Any CPU
		{0A9B7CAA-19AE-4504-8F77-26868C6227F6}.Debug|Any CPU.ActiveCfg = Debug|Any CPU
		{0A9B7CAA-19AE-4504-8F77-26868C6227F6}.Debug|Any CPU.Build.0 = Debug|Any CPU
		{0A9B7CAA-19AE-4504-8F77-26868C6227F6}.Release|Any CPU.ActiveCfg = Release|Any CPU
		{0A9B7CAA-19AE-4504-8F77-26868C6227F6}.Release|Any CPU.Build.0 = Release|Any CPU
		{5F9B8667-B6C7-46FC-B76C-AE4AE3AA67B9}.Debug|Any CPU.ActiveCfg = Debug|Any CPU
		{5F9B8667-B6C7-46FC-B76C-AE4AE3AA67B9}.Debug|Any CPU.Build.0 = Debug|Any CPU
		{5F9B8667-B6C7-46FC-B76C-AE4AE3AA67B9}.Release|Any CPU.ActiveCfg = Release|Any CPU
		{5F9B8667-B6C7-46FC-B76C-AE4AE3AA67B9}.Release|Any CPU.Build.0 = Release|Any CPU
		{63FE7D68-FE32-40C4-A23A-4BF3395B2ED4}.Debug|Any CPU.ActiveCfg = Debug|Any CPU
		{63FE7D68-FE32-40C4-A23A-4BF3395B2ED4}.Debug|Any CPU.Build.0 = Debug|Any CPU
		{63FE7D68-FE32-40C4-A23A-4BF3395B2ED4}.Release|Any CPU.ActiveCfg = Release|Any CPU
		{63FE7D68-FE32-40C4-A23A-4BF3395B2ED4}.Release|Any CPU.Build.0 = Release|Any CPU
		{635E036B-AA6C-4AE7-9425-2FE7863AA243}.Debug|Any CPU.ActiveCfg = Debug|Any CPU
		{635E036B-AA6C-4AE7-9425-2FE7863AA243}.Debug|Any CPU.Build.0 = Debug|Any CPU
		{635E036B-AA6C-4AE7-9425-2FE7863AA243}.Release|Any CPU.ActiveCfg = Release|Any CPU
		{635E036B-AA6C-4AE7-9425-2FE7863AA243}.Release|Any CPU.Build.0 = Release|Any CPU
		{EA26CA84-CB8E-4203-8522-9EDECAE666E0}.Debug|Any CPU.ActiveCfg = Debug|Any CPU
		{EA26CA84-CB8E-4203-8522-9EDECAE666E0}.Debug|Any CPU.Build.0 = Debug|Any CPU
		{EA26CA84-CB8E-4203-8522-9EDECAE666E0}.Release|Any CPU.ActiveCfg = Release|Any CPU
		{EA26CA84-CB8E-4203-8522-9EDECAE666E0}.Release|Any CPU.Build.0 = Release|Any CPU
	EndGlobalSection
	GlobalSection(SolutionProperties) = preSolution
		HideSolutionNode = FALSE
	EndGlobalSection
	GlobalSection(NestedProjects) = preSolution
		{0D4F805F-C63E-40FD-8165-36A13A54FEF8} = {2F6CB5B5-B069-41D2-8055-E8D184078F46}
		{E44AD01F-0DB3-45E7-8F97-EDD3A57F22D2} = {0D4F805F-C63E-40FD-8165-36A13A54FEF8}
		{0A9B7CAA-19AE-4504-8F77-26868C6227F6} = {0D4F805F-C63E-40FD-8165-36A13A54FEF8}
		{5F9B8667-B6C7-46FC-B76C-AE4AE3AA67B9} = {99F6D628-3073-4FEB-80E6-B13E7B51013E}
		{EA26CA84-CB8E-4203-8522-9EDECAE666E0} = {DE67C513-916E-48C6-84D5-E5B267D8A6E6}
	EndGlobalSection
	GlobalSection(ExtensibilityGlobals) = postSolution
		SolutionGuid = {79560785-B599-4BE8-8E44-CC5EEE80CD62}
	EndGlobalSection
EndGlobal
